
Microsoft Visual Studio Solution File, Format Version 12.00
# Visual Studio Version 17
VisualStudioVersion = 17.8.34316.72
MinimumVisualStudioVersion = 10.0.40219.1
Project("{9A19103F-16F7-4668-BE54-9A1E7A4F7556}") = "WebApi", "WebApi\WebApi.csproj", "{94C953B0-CEFE-4FE3-B6F9-B355EBD91CD0}"
EndProject
Project("{FAE04EC0-301F-11D3-BF4B-00C04F79EFBC}") = "WebApi.UniTest", "WebApi.UniTest\WebApi.UniTest.csproj", "{1F8F3CD5-9216-4FAB-B15B-D9BF2EA6A76E}"
EndProject
Global
	GlobalSection(SolutionConfigurationPlatforms) = preSolution
		Debug|Any CPU = Debug|Any CPU
		Release|Any CPU = Release|Any CPU
	EndGlobalSection
	GlobalSection(ProjectConfigurationPlatforms) = postSolution
		{94C953B0-CEFE-4FE3-B6F9-B355EBD91CD0}.Debug|Any CPU.ActiveCfg = Debug|Any CPU
		{94C953B0-CEFE-4FE3-B6F9-B355EBD91CD0}.Debug|Any CPU.Build.0 = Debug|Any CPU
		{94C953B0-CEFE-4FE3-B6F9-B355EBD91CD0}.Release|Any CPU.ActiveCfg = Release|Any CPU
		{94C953B0-CEFE-4FE3-B6F9-B355EBD91CD0}.Release|Any CPU.Build.0 = Release|Any CPU
		{1F8F3CD5-9216-4FAB-B15B-D9BF2EA6A76E}.Debug|Any CPU.ActiveCfg = Debug|Any CPU
		{1F8F3CD5-9216-4FAB-B15B-D9BF2EA6A76E}.Debug|Any CPU.Build.0 = Debug|Any CPU
		{1F8F3CD5-9216-4FAB-B15B-D9BF2EA6A76E}.Release|Any CPU.ActiveCfg = Release|Any CPU
		{1F8F3CD5-9216-4FAB-B15B-D9BF2EA6A76E}.Release|Any CPU.Build.0 = Release|Any CPU
	EndGlobalSection
	GlobalSection(SolutionProperties) = preSolution
		HideSolutionNode = FALSE
	EndGlobalSection
	GlobalSection(ExtensibilityGlobals) = postSolution
		SolutionGuid = {F8EA7634-9814-4736-846B-2E5FFBEB704C}
	EndGlobalSection
EndGlobal
